
Microsoft Visual Studio Solution File, Format Version 12.00
# Visual Studio 15
VisualStudioVersion = 15.0.26730.8
MinimumVisualStudioVersion = 10.0.40219.1
Project("{8BC9CEB8-8B4A-11D0-8D11-00A0C91BC942}") = "CogniTest", "CogniTest\CogniTest.vcxproj", "{EA92DCE6-F882-491D-B4CF-DB9E616C72B0}"
EndProject
Project("{8BC9CEB8-8B4A-11D0-8D11-00A0C91BC942}") = "CognitiveServicesLib", "CognitiveServicesLib\CognitiveServicesLib.vcxproj", "{619BE75A-3EF9-4ABC-AD30-A5E8B12DA19C}"
EndProject
Project("{2150E333-8FDC-42A3-9474-1A3956D46DE8}") = "Solution Items", "Solution Items", "{99985924-3A15-4114-B98D-A57B67E6412D}"
	ProjectSection(SolutionItems) = preProject
		..\.gitattributes = ..\.gitattributes
		..\.gitignore = ..\.gitignore
		..\LICENSE = ..\LICENSE
		..\README.md = ..\README.md
	EndProjectSection
EndProject
Global
	GlobalSection(SolutionConfigurationPlatforms) = preSolution
		AppPkg|ARM = AppPkg|ARM
		AppPkg|x64 = AppPkg|x64
		AppPkg|x86 = AppPkg|x86
		Debug|ARM = Debug|ARM
		Debug|x64 = Debug|x64
		Debug|x86 = Debug|x86
		Release|ARM = Release|ARM
		Release|x64 = Release|x64
		Release|x86 = Release|x86
	EndGlobalSection
	GlobalSection(ProjectConfigurationPlatforms) = postSolution
		{EA92DCE6-F882-491D-B4CF-DB9E616C72B0}.AppPkg|ARM.ActiveCfg = AppPkg|ARM
		{EA92DCE6-F882-491D-B4CF-DB9E616C72B0}.AppPkg|ARM.Build.0 = AppPkg|ARM
		{EA92DCE6-F882-491D-B4CF-DB9E616C72B0}.AppPkg|ARM.Deploy.0 = AppPkg|ARM
		{EA92DCE6-F882-491D-B4CF-DB9E616C72B0}.AppPkg|x64.ActiveCfg = AppPkg|x64
		{EA92DCE6-F882-491D-B4CF-DB9E616C72B0}.AppPkg|x64.Build.0 = AppPkg|x64
		{EA92DCE6-F882-491D-B4CF-DB9E616C72B0}.AppPkg|x64.Deploy.0 = AppPkg|x64
		{EA92DCE6-F882-491D-B4CF-DB9E616C72B0}.AppPkg|x86.ActiveCfg = AppPkg|Win32
		{EA92DCE6-F882-491D-B4CF-DB9E616C72B0}.AppPkg|x86.Build.0 = AppPkg|Win32
		{EA92DCE6-F882-491D-B4CF-DB9E616C72B0}.AppPkg|x86.Deploy.0 = AppPkg|Win32
		{EA92DCE6-F882-491D-B4CF-DB9E616C72B0}.Debug|ARM.ActiveCfg = Debug|ARM
		{EA92DCE6-F882-491D-B4CF-DB9E616C72B0}.Debug|ARM.Build.0 = Debug|ARM
		{EA92DCE6-F882-491D-B4CF-DB9E616C72B0}.Debug|x64.ActiveCfg = Debug|x64
		{EA92DCE6-F882-491D-B4CF-DB9E616C72B0}.Debug|x64.Build.0 = Debug|x64
		{EA92DCE6-F882-491D-B4CF-DB9E616C72B0}.Debug|x86.ActiveCfg = Debug|Win32
		{EA92DCE6-F882-491D-B4CF-DB9E616C72B0}.Debug|x86.Build.0 = Debug|Win32
		{EA92DCE6-F882-491D-B4CF-DB9E616C72B0}.Release|ARM.ActiveCfg = Release|ARM
		{EA92DCE6-F882-491D-B4CF-DB9E616C72B0}.Release|ARM.Build.0 = Release|ARM
		{EA92DCE6-F882-491D-B4CF-DB9E616C72B0}.Release|x64.ActiveCfg = Release|x64
		{EA92DCE6-F882-491D-B4CF-DB9E616C72B0}.Release|x64.Build.0 = Release|x64
		{EA92DCE6-F882-491D-B4CF-DB9E616C72B0}.Release|x86.ActiveCfg = Release|Win32
		{EA92DCE6-F882-491D-B4CF-DB9E616C72B0}.Release|x86.Build.0 = Release|Win32
		{619BE75A-3EF9-4ABC-AD30-A5E8B12DA19C}.AppPkg|ARM.ActiveCfg = AppPkg|ARM
		{619BE75A-3EF9-4ABC-AD30-A5E8B12DA19C}.AppPkg|ARM.Build.0 = AppPkg|ARM
		{619BE75A-3EF9-4ABC-AD30-A5E8B12DA19C}.AppPkg|x64.ActiveCfg = AppPkg|x64
		{619BE75A-3EF9-4ABC-AD30-A5E8B12DA19C}.AppPkg|x64.Build.0 = AppPkg|x64
		{619BE75A-3EF9-4ABC-AD30-A5E8B12DA19C}.AppPkg|x86.ActiveCfg = AppPkg|Win32
		{619BE75A-3EF9-4ABC-AD30-A5E8B12DA19C}.AppPkg|x86.Build.0 = AppPkg|Win32
		{619BE75A-3EF9-4ABC-AD30-A5E8B12DA19C}.Debug|ARM.ActiveCfg = Debug|ARM
		{619BE75A-3EF9-4ABC-AD30-A5E8B12DA19C}.Debug|ARM.Build.0 = Debug|ARM
		{619BE75A-3EF9-4ABC-AD30-A5E8B12DA19C}.Debug|x64.ActiveCfg = Debug|x64
		{619BE75A-3EF9-4ABC-AD30-A5E8B12DA19C}.Debug|x64.Build.0 = Debug|x64
		{619BE75A-3EF9-4ABC-AD30-A5E8B12DA19C}.Debug|x86.ActiveCfg = Debug|Win32
		{619BE75A-3EF9-4ABC-AD30-A5E8B12DA19C}.Debug|x86.Build.0 = Debug|Win32
		{619BE75A-3EF9-4ABC-AD30-A5E8B12DA19C}.Release|ARM.ActiveCfg = Release|ARM
		{619BE75A-3EF9-4ABC-AD30-A5E8B12DA19C}.Release|ARM.Build.0 = Release|ARM
		{619BE75A-3EF9-4ABC-AD30-A5E8B12DA19C}.Release|x64.ActiveCfg = Release|x64
		{619BE75A-3EF9-4ABC-AD30-A5E8B12DA19C}.Release|x64.Build.0 = Release|x64
		{619BE75A-3EF9-4ABC-AD30-A5E8B12DA19C}.Release|x86.ActiveCfg = Release|Win32
		{619BE75A-3EF9-4ABC-AD30-A5E8B12DA19C}.Release|x86.Build.0 = Release|Win32
	EndGlobalSection
	GlobalSection(SolutionProperties) = preSolution
		HideSolutionNode = FALSE
	EndGlobalSection
	GlobalSection(ExtensibilityGlobals) = postSolution
		SolutionGuid = {D0385456-66B0-4BA0-B8C8-1B7F4DB17390}
	EndGlobalSection
EndGlobal
