<?xml version="1.0" encoding="utf-8"?>
<Project ToolsVersion="15.0" xmlns="http://schemas.microsoft.com/developer/msbuild/2003">
  <ItemGroup>
    <Filter Include="Resources">
      <UniqueIdentifier>b9f009b0-2959-40a2-9aac-9ebf023f6f5e</UniqueIdentifier>
      <Extensions>rc;ico;cur;bmp;dlg;rc2;rct;bin;rgs;gif;jpg;jpeg;jpe;resx;tga;tiff;tif;png;wav;mfcribbon-ms</Extensions>
    </Filter>
    <Filter Include="Face">
      <UniqueIdentifier>{6293fa35-8df3-434b-bff5-9737171c9c01}</UniqueIdentifier>
    </Filter>
    <Filter Include="Common">
      <UniqueIdentifier>{775734d8-dc30-4136-957e-3ae5aed4d65a}</UniqueIdentifier>
    </Filter>
    <Filter Include="Errors">
      <UniqueIdentifier>{12e43281-09bc-4f22-ab80-2c64ce6c4ee5}</UniqueIdentifier>
    </Filter>
  </ItemGroup>
  <ItemGroup>
    <ClCompile Include="pch.cpp" />
    <ClCompile Include="HpptClientImpl.cpp" />
    <ClCompile Include="Authentication.cpp" />
    <ClCompile Include="Common\Strings.cpp">
      <Filter>Common</Filter>
    </ClCompile>
    <ClCompile Include="Face\FaceClient.cpp">
      <Filter>Face</Filter>
    </ClCompile>
    <ClCompile Include="FileHelper.cpp" />
    <ClCompile Include="Errors\ErrorResponse.cpp">
      <Filter>Errors</Filter>
    </ClCompile>
    <ClCompile Include="Common\Logger.cpp">
      <Filter>Common</Filter>
    </ClCompile>
    <ClCompile Include="Enums.cpp" />
    <ClCompile Include="Face\FeatureCoordinate.cpp">
      <Filter>Face</Filter>
    </ClCompile>
    <ClCompile Include="Face\FaceRectangle.cpp">
      <Filter>Face</Filter>
    </ClCompile>
    <ClCompile Include="Face\FaceLandmarks.cpp">
      <Filter>Face</Filter>
    </ClCompile>
    <ClCompile Include="Face\Face.cpp">
      <Filter>Face</Filter>
    </ClCompile>
    <ClCompile Include="Face\Exposure.cpp">
      <Filter>Face</Filter>
    </ClCompile>
    <ClCompile Include="EnumHelper.cpp" />
    <ClCompile Include="Face\Accessory.cpp">
      <Filter>Face</Filter>
    </ClCompile>
    <ClCompile Include="Face\Blur.cpp" />
    <ClCompile Include="Face\FaceAttributes.cpp">
      <Filter>Face</Filter>
    </ClCompile>
    <ClCompile Include="Face\FacialHair.cpp">
      <Filter>Face</Filter>
    </ClCompile>
    <ClCompile Include="Face\Emotion.cpp">
      <Filter>Face</Filter>
    </ClCompile>
    <ClCompile Include="Face\Glasses.cpp">
      <Filter>Face</Filter>
    </ClCompile>
    <ClCompile Include="Face\HeadPose.cpp">
      <Filter>Face</Filter>
    </ClCompile>
    <ClCompile Include="Face\Makeup.cpp">
      <Filter>Face</Filter>
    </ClCompile>
    <ClCompile Include="Face\Noise.cpp">
      <Filter>Face</Filter>
    </ClCompile>
    <ClCompile Include="Face\Hair.cpp">
      <Filter>Face</Filter>
    </ClCompile>
    <ClCompile Include="Face\Occlusion.cpp">
      <Filter>Face</Filter>
    </ClCompile>
  </ItemGroup>
  <ItemGroup>
    <ClInclude Include="pch.h" />
    <ClInclude Include="HpptClientImpl.h" />
    <ClInclude Include="Authentication.h" />
    <ClInclude Include="Common\Strings.h">
      <Filter>Common</Filter>
    </ClInclude>
    <ClInclude Include="Face\FaceClient.h">
      <Filter>Face</Filter>
    </ClInclude>
    <ClInclude Include="Enums.h" />
    <ClInclude Include="FileHelper.h" />
    <ClInclude Include="Errors\ErrorResponse.h">
      <Filter>Errors</Filter>
    </ClInclude>
    <ClInclude Include="Common\Logger.h">
      <Filter>Common</Filter>
    </ClInclude>
    <ClInclude Include="Face\FeatureCoordinate.h">
      <Filter>Face</Filter>
    </ClInclude>
    <ClInclude Include="PropertyHelper.h" />
    <ClInclude Include="Face\FaceRectangle.h">
      <Filter>Face</Filter>
    </ClInclude>
    <ClInclude Include="Face\FaceLandmarks.h">
      <Filter>Face</Filter>
    </ClInclude>
    <ClInclude Include="Face\Face.h">
      <Filter>Face</Filter>
    </ClInclude>
    <ClInclude Include="Face\Exposure.h">
      <Filter>Face</Filter>
    </ClInclude>
    <ClInclude Include="EnumHelper.h" />
    <ClInclude Include="Face\Accessory.h">
      <Filter>Face</Filter>
    </ClInclude>
    <ClInclude Include="Face\Blur.h" />
    <ClInclude Include="Face\FaceAttributes.h">
      <Filter>Face</Filter>
    </ClInclude>
    <ClInclude Include="Face\FacialHair.h">
      <Filter>Face</Filter>
    </ClInclude>
    <ClInclude Include="Face\Emotion.h">
      <Filter>Face</Filter>
    </ClInclude>
    <ClInclude Include="Face\Glasses.h">
      <Filter>Face</Filter>
    </ClInclude>
    <ClInclude Include="Face\HeadPose.h">
      <Filter>Face</Filter>
    </ClInclude>
    <ClInclude Include="Face\Makeup.h">
      <Filter>Face</Filter>
    </ClInclude>
    <ClInclude Include="Face\Noise.h">
      <Filter>Face</Filter>
    </ClInclude>
    <ClInclude Include="Face\Hair.h">
      <Filter>Face</Filter>
    </ClInclude>
    <ClInclude Include="Face\Occlusion.h">
      <Filter>Face</Filter>
    </ClInclude>
  </ItemGroup>
</Project>